
Microsoft Visual Studio Solution File, Format Version 12.00
# Visual Studio Version 17
VisualStudioVersion = 17.14.36915.13 d17.14
MinimumVisualStudioVersion = 10.0.40219.1
Project("{FAE04EC0-301F-11D3-BF4B-00C04F79EFBC}") = "ClassLibrary1", "ClassLibrary1\ClassLibrary1.csproj", "{21E58D6E-A098-4BE0-8A78-26D8B616B6BB}"
EndProject
Global
	GlobalSection(SolutionConfigurationPlatforms) = preSolution
		Debug|Any CPU = Debug|Any CPU
		Release|Any CPU = Release|Any CPU
	EndGlobalSection
	GlobalSection(ProjectConfigurationPlatforms) = postSolution
		{21E58D6E-A098-4BE0-8A78-26D8B616B6BB}.Debug|Any CPU.ActiveCfg = Debug|Any CPU
		{21E58D6E-A098-4BE0-8A78-26D8B616B6BB}.Debug|Any CPU.Build.0 = Debug|Any CPU
		{21E58D6E-A098-4BE0-8A78-26D8B616B6BB}.Release|Any CPU.ActiveCfg = Release|Any CPU
		{21E58D6E-A098-4BE0-8A78-26D8B616B6BB}.Release|Any CPU.Build.0 = Release|Any CPU
	EndGlobalSection
	GlobalSection(SolutionProperties) = preSolution
		HideSolutionNode = FALSE
	EndGlobalSection
	GlobalSection(ExtensibilityGlobals) = postSolution
		SolutionGuid = {150B85B6-32FE-4F53-B05C-C99FB8AE0C1D}
	EndGlobalSection
EndGlobal
